
Microsoft Visual Studio Solution File, Format Version 12.00
# Visual Studio Version 16
VisualStudioVersion = 16.0.29709.97
MinimumVisualStudioVersion = 10.0.40219.1
Project("{FAE04EC0-301F-11D3-BF4B-00C04F79EFBC}") = "Homework1", "Homework1\Homework1.csproj", "{DACEDAF8-2ACB-447D-832B-E3878F2686D5}"
EndProject
Project("{FAE04EC0-301F-11D3-BF4B-00C04F79EFBC}") = "Homework2", "Homework2\Homework2.csproj", "{8846D667-43B1-444C-A3C3-64B4203B7F38}"
EndProject
Global
	GlobalSection(SolutionConfigurationPlatforms) = preSolution
		Debug|Any CPU = Debug|Any CPU
		Release|Any CPU = Release|Any CPU
	EndGlobalSection
	GlobalSection(ProjectConfigurationPlatforms) = postSolution
		{DACEDAF8-2ACB-447D-832B-E3878F2686D5}.Debug|Any CPU.ActiveCfg = Debug|Any CPU
		{DACEDAF8-2ACB-447D-832B-E3878F2686D5}.Debug|Any CPU.Build.0 = Debug|Any CPU
		{DACEDAF8-2ACB-447D-832B-E3878F2686D5}.Release|Any CPU.ActiveCfg = Release|Any CPU
		{DACEDAF8-2ACB-447D-832B-E3878F2686D5}.Release|Any CPU.Build.0 = Release|Any CPU
		{8846D667-43B1-444C-A3C3-64B4203B7F38}.Debug|Any CPU.ActiveCfg = Debug|Any CPU
		{8846D667-43B1-444C-A3C3-64B4203B7F38}.Debug|Any CPU.Build.0 = Debug|Any CPU
		{8846D667-43B1-444C-A3C3-64B4203B7F38}.Release|Any CPU.ActiveCfg = Release|Any CPU
		{8846D667-43B1-444C-A3C3-64B4203B7F38}.Release|Any CPU.Build.0 = Release|Any CPU
	EndGlobalSection
	GlobalSection(SolutionProperties) = preSolution
		HideSolutionNode = FALSE
	EndGlobalSection
	GlobalSection(ExtensibilityGlobals) = postSolution
		SolutionGuid = {36ACCDCC-A7B3-4BC5-A837-96C619A10F01}
	EndGlobalSection
EndGlobal
